
Microsoft Visual Studio Solution File, Format Version 12.00
# Visual Studio Version 17
VisualStudioVersion = 17.2.32519.379
MinimumVisualStudioVersion = 10.0.40219.1
Project("{FAE04EC0-301F-11D3-BF4B-00C04F79EFBC}") = "DatingApp", "DatingApp\DatingApp.csproj", "{2AC359E4-9AC1-4BC2-B05A-34CEB2FD2EBD}"
EndProject
Global
	GlobalSection(SolutionConfigurationPlatforms) = preSolution
		Debug|Any CPU = Debug|Any CPU
		Release|Any CPU = Release|Any CPU
	EndGlobalSection
	GlobalSection(ProjectConfigurationPlatforms) = postSolution
		{2AC359E4-9AC1-4BC2-B05A-34CEB2FD2EBD}.Debug|Any CPU.ActiveCfg = Debug|Any CPU
		{2AC359E4-9AC1-4BC2-B05A-34CEB2FD2EBD}.Debug|Any CPU.Build.0 = Debug|Any CPU
		{2AC359E4-9AC1-4BC2-B05A-34CEB2FD2EBD}.Release|Any CPU.ActiveCfg = Release|Any CPU
		{2AC359E4-9AC1-4BC2-B05A-34CEB2FD2EBD}.Release|Any CPU.Build.0 = Release|Any CPU
	EndGlobalSection
	GlobalSection(SolutionProperties) = preSolution
		HideSolutionNode = FALSE
	EndGlobalSection
	GlobalSection(ExtensibilityGlobals) = postSolution
		SolutionGuid = {9BA0B7A6-DE94-4D7F-AD71-E87A02B91262}
	EndGlobalSection
EndGlobal
